
Microsoft Visual Studio Solution File, Format Version 12.00
# Visual Studio 15
VisualStudioVersion = 15.0.28307.421
MinimumVisualStudioVersion = 10.0.40219.1
Project("{9A19103F-16F7-4668-BE54-9A1E7A4F7556}") = "Ardalis.Specification.EntityFrameworkCore", "src\Ardalis.Specification.EntityFrameworkCore.csproj", "{5A0C0B80-A029-4409-A59F-0285C49AE0C8}"
EndProject
Project("{FAE04EC0-301F-11D3-BF4B-00C04F79EFBC}") = "Ardalis.Specification.EFCore.Tests", "tests\Ardalis.Specification.EFCore.Tests\Ardalis.Specification.EFCore.Tests.csproj", "{21F5B85A-4F63-49B2-A558-CAA755BDE897}"
EndProject
Global
	GlobalSection(SolutionConfigurationPlatforms) = preSolution
		Debug|Any CPU = Debug|Any CPU
		Release|Any CPU = Release|Any CPU
	EndGlobalSection
	GlobalSection(ProjectConfigurationPlatforms) = postSolution
		{5A0C0B80-A029-4409-A59F-0285C49AE0C8}.Debug|Any CPU.ActiveCfg = Debug|Any CPU
		{5A0C0B80-A029-4409-A59F-0285C49AE0C8}.Debug|Any CPU.Build.0 = Debug|Any CPU
		{5A0C0B80-A029-4409-A59F-0285C49AE0C8}.Release|Any CPU.ActiveCfg = Release|Any CPU
		{5A0C0B80-A029-4409-A59F-0285C49AE0C8}.Release|Any CPU.Build.0 = Release|Any CPU
		{21F5B85A-4F63-49B2-A558-CAA755BDE897}.Debug|Any CPU.ActiveCfg = Debug|Any CPU
		{21F5B85A-4F63-49B2-A558-CAA755BDE897}.Debug|Any CPU.Build.0 = Debug|Any CPU
		{21F5B85A-4F63-49B2-A558-CAA755BDE897}.Release|Any CPU.ActiveCfg = Release|Any CPU
		{21F5B85A-4F63-49B2-A558-CAA755BDE897}.Release|Any CPU.Build.0 = Release|Any CPU
	EndGlobalSection
	GlobalSection(SolutionProperties) = preSolution
		HideSolutionNode = FALSE
	EndGlobalSection
	GlobalSection(ExtensibilityGlobals) = postSolution
		SolutionGuid = {9AE68D71-2B7E-4483-BA21-340D4A03968E}
	EndGlobalSection
EndGlobal
